// !$*UTF8*$!
{
	archiveVersion = 1;
	classes = {
	};
	objectVersion = 46;
	objects = {

/* Begin PBXBuildFile section */
		2F771FB057EA337F58743739 /* Pods_Yaknak.framework in Frameworks */ = {isa = PBXBuildFile; fileRef = DE462F09E49728E0CEEFDCF9 /* Pods_Yaknak.framework */; };
		4C01445A1E5CED170016735F /* PhotoLibraryHelper.swift in Sources */ = {isa = PBXBuildFile; fileRef = 4C0144591E5CED170016735F /* PhotoLibraryHelper.swift */; };
		4C09E83F1E9D9168005E75CB /* Reachability.swift in Sources */ = {isa = PBXBuildFile; fileRef = 4C09E83E1E9D9168005E75CB /* Reachability.swift */; };
		4C183FC21E846CA10044E621 /* ProgressOverlay.swift in Sources */ = {isa = PBXBuildFile; fileRef = 4C183FC11E846CA10044E621 /* ProgressOverlay.swift */; };
		4C183FC41E84792B0044E621 /* Double.swift in Sources */ = {isa = PBXBuildFile; fileRef = 4C183FC31E84792B0044E621 /* Double.swift */; };
		4C1E1F661E411798004EF65C /* ReportUser.storyboard in Resources */ = {isa = PBXBuildFile; fileRef = 4C1E1F651E411798004EF65C /* ReportUser.storyboard */; };
		4C1E1F681E411F81004EF65C /* ReportUserViewController.swift in Sources */ = {isa = PBXBuildFile; fileRef = 4C1E1F671E411F81004EF65C /* ReportUserViewController.swift */; };
		4C1E1F6A1E412E67004EF65C /* ProfanityFilter.swift in Sources */ = {isa = PBXBuildFile; fileRef = 4C1E1F691E412E67004EF65C /* ProfanityFilter.swift */; };
		4C1E1F6D1E4130F6004EF65C /* Profanity.json in Resources */ = {isa = PBXBuildFile; fileRef = 4C1E1F6C1E4130F6004EF65C /* Profanity.json */; };
		4C1E1F6F1E4138C4004EF65C /* AgreementViewController.swift in Sources */ = {isa = PBXBuildFile; fileRef = 4C1E1F6E1E4138C4004EF65C /* AgreementViewController.swift */; };
		4C1E3AA91DD24E0900507E84 /* AdSupport.framework in Frameworks */ = {isa = PBXBuildFile; fileRef = 4C1E3AA81DD24E0900507E84 /* AdSupport.framework */; };
		4C1E3AAB1DD24F9500507E84 /* FBSDKCoreKit.framework in Frameworks */ = {isa = PBXBuildFile; fileRef = 4C1E3AAA1DD24F9500507E84 /* FBSDKCoreKit.framework */; };
		4C1E3AAD1DD24F9900507E84 /* FBSDKLoginKit.framework in Frameworks */ = {isa = PBXBuildFile; fileRef = 4C1E3AAC1DD24F9900507E84 /* FBSDKLoginKit.framework */; };
		4C1E3AAF1DD24F9E00507E84 /* Photos.framework in Frameworks */ = {isa = PBXBuildFile; fileRef = 4C1E3AAE1DD24F9E00507E84 /* Photos.framework */; };
		4C1E3AB11DD24FA300507E84 /* SafariServices.framework in Frameworks */ = {isa = PBXBuildFile; fileRef = 4C1E3AB01DD24FA200507E84 /* SafariServices.framework */; };
		4C1E3AB31DD24FB000507E84 /* FBSDKShareKit.framework in Frameworks */ = {isa = PBXBuildFile; fileRef = 4C1E3AB21DD24FB000507E84 /* FBSDKShareKit.framework */; };
		4C1E3AB51DD24FB500507E84 /* CoreGraphics.framework in Frameworks */ = {isa = PBXBuildFile; fileRef = 4C1E3AB41DD24FB500507E84 /* CoreGraphics.framework */; };
		4C1E3AB71DD24FBC00507E84 /* SystemConfiguration.framework in Frameworks */ = {isa = PBXBuildFile; fileRef = 4C1E3AB61DD24FBC00507E84 /* SystemConfiguration.framework */; };
		4C1E3AB91DD24FD900507E84 /* Security.framework in Frameworks */ = {isa = PBXBuildFile; fileRef = 4C1E3AB81DD24FD900507E84 /* Security.framework */; };
		4C1E3ABB1DD24FDD00507E84 /* ImageIO.framework in Frameworks */ = {isa = PBXBuildFile; fileRef = 4C1E3ABA1DD24FDD00507E84 /* ImageIO.framework */; };
		4C1E3ABD1DD24FE400507E84 /* OpenGLES.framework in Frameworks */ = {isa = PBXBuildFile; fileRef = 4C1E3ABC1DD24FE400507E84 /* OpenGLES.framework */; };
		4C1E3ABF1DD24FFD00507E84 /* GLKit.framework in Frameworks */ = {isa = PBXBuildFile; fileRef = 4C1E3ABE1DD24FFD00507E84 /* GLKit.framework */; };
		4C1E3AC11DD2500700507E84 /* CoreText.framework in Frameworks */ = {isa = PBXBuildFile; fileRef = 4C1E3AC01DD2500700507E84 /* CoreText.framework */; };
		4C1E3AC31DD2501B00507E84 /* CoreData.framework in Frameworks */ = {isa = PBXBuildFile; fileRef = 4C1E3AC21DD2501B00507E84 /* CoreData.framework */; };
		4C1E3AC51DD2501F00507E84 /* CoreBluetooth.framework in Frameworks */ = {isa = PBXBuildFile; fileRef = 4C1E3AC41DD2501F00507E84 /* CoreBluetooth.framework */; };
		4C1E3AC71DD2502400507E84 /* Accelerate.framework in Frameworks */ = {isa = PBXBuildFile; fileRef = 4C1E3AC61DD2502400507E84 /* Accelerate.framework */; };
		4C1E3AC91DD2502900507E84 /* AVFoundation.framework in Frameworks */ = {isa = PBXBuildFile; fileRef = 4C1E3AC81DD2502900507E84 /* AVFoundation.framework */; };
		4C1E3ACB1DD2502F00507E84 /* QuartzCore.framework in Frameworks */ = {isa = PBXBuildFile; fileRef = 4C1E3ACA1DD2502F00507E84 /* QuartzCore.framework */; };
		4C244F321E7F29F600AD2271 /* CircularLoaderView.swift in Sources */ = {isa = PBXBuildFile; fileRef = 4C244F311E7F29F600AD2271 /* CircularLoaderView.swift */; };
		4C335BEF1E4620F500D3EA5E /* LoadingOverlay.swift in Sources */ = {isa = PBXBuildFile; fileRef = 4C335BEE1E4620F500D3EA5E /* LoadingOverlay.swift */; };
		4C36731A1EAE753E00ED9919 /* PlaceHolderTextView.swift in Sources */ = {isa = PBXBuildFile; fileRef = 4C3673191EAE753E00ED9919 /* PlaceHolderTextView.swift */; };
		4C36731D1EAE790D00ED9919 /* EditTipViewController.swift in Sources */ = {isa = PBXBuildFile; fileRef = 4C36731C1EAE790D00ED9919 /* EditTipViewController.swift */; };
		4C36731F1EAE794E00ED9919 /* EditTip.storyboard in Resources */ = {isa = PBXBuildFile; fileRef = 4C36731E1EAE794E00ED9919 /* EditTip.storyboard */; };
		4C38DA671EAFC56800CB7758 /* SelectionListCell.swift in Sources */ = {isa = PBXBuildFile; fileRef = 4C38DA661EAFC56800CB7758 /* SelectionListCell.swift */; };
		4C47119B1DCE8B3D00DCE46E /* SignUpViewController.swift in Sources */ = {isa = PBXBuildFile; fileRef = 4C47119A1DCE8B3D00DCE46E /* SignUpViewController.swift */; };
		4C50A10C1E7C8A0500A3326D /* FBLoginViewController.swift in Sources */ = {isa = PBXBuildFile; fileRef = 4C50A10B1E7C8A0500A3326D /* FBLoginViewController.swift */; };
		4C5114E31EAA65EB0030174F /* PinMapView.xib in Resources */ = {isa = PBXBuildFile; fileRef = 4C5114E21EAA65EB0030174F /* PinMapView.xib */; };
		4C5114E51EAA68670030174F /* PinMapView.swift in Sources */ = {isa = PBXBuildFile; fileRef = 4C5114E41EAA68670030174F /* PinMapView.swift */; };
		4C5114E71EAA6A5C0030174F /* PinMapViewController.swift in Sources */ = {isa = PBXBuildFile; fileRef = 4C5114E61EAA6A5C0030174F /* PinMapViewController.swift */; };
		4C59DF4F1DD53CAC0089AD66 /* PolicyViewController.swift in Sources */ = {isa = PBXBuildFile; fileRef = 4C59DF4E1DD53CAC0089AD66 /* PolicyViewController.swift */; };
		4C59DF511DD5411F0089AD66 /* TermsViewController.swift in Sources */ = {isa = PBXBuildFile; fileRef = 4C59DF501DD5411F0089AD66 /* TermsViewController.swift */; };
		4C59DF531DD543AD0089AD66 /* ProfileViewController.swift in Sources */ = {isa = PBXBuildFile; fileRef = 4C59DF521DD543AD0089AD66 /* ProfileViewController.swift */; };
		4C59DF551DD546E10089AD66 /* SwipeTipViewController.swift in Sources */ = {isa = PBXBuildFile; fileRef = 4C59DF541DD546E10089AD66 /* SwipeTipViewController.swift */; };
		4C59DF571DD547970089AD66 /* AddTipViewController.swift in Sources */ = {isa = PBXBuildFile; fileRef = 4C59DF561DD547970089AD66 /* AddTipViewController.swift */; };
		4C5E77511DE0B8900014E0D6 /* SplashView.xib in Resources */ = {isa = PBXBuildFile; fileRef = 4C5E77501DE0B8900014E0D6 /* SplashView.xib */; };
		4C5E77531DE0BC150014E0D6 /* SplashView.swift in Sources */ = {isa = PBXBuildFile; fileRef = 4C5E77521DE0BC150014E0D6 /* SplashView.swift */; };
		4C6B0DF21DE76DE800B8CCAC /* TextField.swift in Sources */ = {isa = PBXBuildFile; fileRef = 4C6B0DF11DE76DE800B8CCAC /* TextField.swift */; };
		4C6FFC221DCEB36200714E8F /* SplashViewController.swift in Sources */ = {isa = PBXBuildFile; fileRef = 4C6FFC211DCEB36200714E8F /* SplashViewController.swift */; };
		4C6FFC251DCEB50300714E8F /* CGExtension.swift in Sources */ = {isa = PBXBuildFile; fileRef = 4C6FFC241DCEB50300714E8F /* CGExtension.swift */; };
		4C7945851EB53262007ACFAB /* TipEdit.swift in Sources */ = {isa = PBXBuildFile; fileRef = 4C7945841EB53262007ACFAB /* TipEdit.swift */; };
		4C7C77F21DCDFF9A009CF299 /* AppDelegate.swift in Sources */ = {isa = PBXBuildFile; fileRef = 4C7C77F11DCDFF9A009CF299 /* AppDelegate.swift */; };
		4C7C77F41DCDFF9A009CF299 /* LoginViewController.swift in Sources */ = {isa = PBXBuildFile; fileRef = 4C7C77F31DCDFF9A009CF299 /* LoginViewController.swift */; };
		4C7C77F71DCDFF9A009CF299 /* Main.storyboard in Resources */ = {isa = PBXBuildFile; fileRef = 4C7C77F51DCDFF9A009CF299 /* Main.storyboard */; };
		4C7C77F91DCDFF9A009CF299 /* Assets.xcassets in Resources */ = {isa = PBXBuildFile; fileRef = 4C7C77F81DCDFF9A009CF299 /* Assets.xcassets */; };
		4C7C77FC1DCDFF9A009CF299 /* LaunchScreen.storyboard in Resources */ = {isa = PBXBuildFile; fileRef = 4C7C77FA1DCDFF9A009CF299 /* LaunchScreen.storyboard */; };
		4C7C78041DCE0770009CF299 /* GoogleService-Info.plist in Resources */ = {isa = PBXBuildFile; fileRef = 4C7C78031DCE0770009CF299 /* GoogleService-Info.plist */; };
		4C814D281E7DEBAB00655493 /* LineView.swift in Sources */ = {isa = PBXBuildFile; fileRef = 4C814D271E7DEBAB00655493 /* LineView.swift */; };
		4C855B041DF86F2D001D0E51 /* MapView.xib in Resources */ = {isa = PBXBuildFile; fileRef = 4C855B031DF86F2D001D0E51 /* MapView.xib */; };
		4C855B061DF86F5E001D0E51 /* MapView.swift in Sources */ = {isa = PBXBuildFile; fileRef = 4C855B051DF86F5E001D0E51 /* MapView.swift */; };
		4C88AD1E1E0DB2B600EB5C10 /* Dashboard.swift in Sources */ = {isa = PBXBuildFile; fileRef = 4C88AD1D1E0DB2B600EB5C10 /* Dashboard.swift */; };
		4C9284D51DD4EAB8007DAEDE /* SettingsViewController.swift in Sources */ = {isa = PBXBuildFile; fileRef = 4C9284D41DD4EAB8007DAEDE /* SettingsViewController.swift */; };
		4C9284D71DD4ED64007DAEDE /* TableSectionHeader.xib in Resources */ = {isa = PBXBuildFile; fileRef = 4C9284D61DD4ED64007DAEDE /* TableSectionHeader.xib */; };
		4C9284D91DD4EDFC007DAEDE /* TableSectionHeader.swift in Sources */ = {isa = PBXBuildFile; fileRef = 4C9284D81DD4EDFC007DAEDE /* TableSectionHeader.swift */; };
		4C9284DB1DD51219007DAEDE /* LicensesViewController.swift in Sources */ = {isa = PBXBuildFile; fileRef = 4C9284DA1DD51219007DAEDE /* LicensesViewController.swift */; };
		4C9D48DF1DF101C400155A9A /* BackgroundKolodaAnimator.swift in Sources */ = {isa = PBXBuildFile; fileRef = 4C9D48DE1DF101C400155A9A /* BackgroundKolodaAnimator.swift */; };
		4CA131351DDBE97800E9A79E /* MapViewController.swift in Sources */ = {isa = PBXBuildFile; fileRef = 4CA131341DDBE97800E9A79E /* MapViewController.swift */; };
		4CA854441DCE0B2F009E8497 /* Constants.swift in Sources */ = {isa = PBXBuildFile; fileRef = 4CA854431DCE0B2F009E8497 /* Constants.swift */; };
		4CA854461DCE0FF3009E8497 /* DataService.swift in Sources */ = {isa = PBXBuildFile; fileRef = 4CA854451DCE0FF3009E8497 /* DataService.swift */; };
		4CA8544B1DCE4DE6009E8497 /* User.swift in Sources */ = {isa = PBXBuildFile; fileRef = 4CA8544A1DCE4DE6009E8497 /* User.swift */; };
		4CA8544D1DCE4F1B009E8497 /* Tip.swift in Sources */ = {isa = PBXBuildFile; fileRef = 4CA8544C1DCE4F1B009E8497 /* Tip.swift */; };
		4CAF30561DF63C8A006F5101 /* String.swift in Sources */ = {isa = PBXBuildFile; fileRef = 4CAF30551DF63C8A006F5101 /* String.swift */; };
		4CB191941DDB956C00524CC6 /* UIImage.swift in Sources */ = {isa = PBXBuildFile; fileRef = 4CB191931DDB956C00524CC6 /* UIImage.swift */; };
		4CB41C7A1E870AED00EC0377 /* NSLayoutConstraint.swift in Sources */ = {isa = PBXBuildFile; fileRef = 4CB41C791E870AED00EC0377 /* NSLayoutConstraint.swift */; };
		4CB5A3A31DE3772100D9EC2C /* SingleTipViewController.swift in Sources */ = {isa = PBXBuildFile; fileRef = 4CB5A3A21DE3772100D9EC2C /* SingleTipViewController.swift */; };
		4CB5A3A51DE3773500D9EC2C /* SingleTipView.xib in Resources */ = {isa = PBXBuildFile; fileRef = 4CB5A3A41DE3773500D9EC2C /* SingleTipView.xib */; };
		4CB5A3A71DE378BB00D9EC2C /* UIView.swift in Sources */ = {isa = PBXBuildFile; fileRef = 4CB5A3A61DE378BB00D9EC2C /* UIView.swift */; };
		4CB5A3A91DE379EC00D9EC2C /* SingleTipView.swift in Sources */ = {isa = PBXBuildFile; fileRef = 4CB5A3A81DE379EC00D9EC2C /* SingleTipView.swift */; };
		4CB954451E81AD2D000A7361 /* GeoTasks.swift in Sources */ = {isa = PBXBuildFile; fileRef = 4CB954441E81AD2D000A7361 /* GeoTasks.swift */; };
		4CB954471E81CAB6000A7361 /* TravelMode.swift in Sources */ = {isa = PBXBuildFile; fileRef = 4CB954461E81CAB6000A7361 /* TravelMode.swift */; };
		4CB9CD961E33BBB90045CAC6 /* LoadingButton.swift in Sources */ = {isa = PBXBuildFile; fileRef = 4CB9CD951E33BBB90045CAC6 /* LoadingButton.swift */; };
		4CBB67761DD0FE02003FF631 /* HomeTableViewCell.swift in Sources */ = {isa = PBXBuildFile; fileRef = 4CBB67741DD0FE02003FF631 /* HomeTableViewCell.swift */; };
		4CBB67771DD0FE02003FF631 /* HomeTableViewCell.xib in Resources */ = {isa = PBXBuildFile; fileRef = 4CBB67751DD0FE02003FF631 /* HomeTableViewCell.xib */; };
		4CBB67791DD10856003FF631 /* SettingsManager.swift in Sources */ = {isa = PBXBuildFile; fileRef = 4CBB67781DD10856003FF631 /* SettingsManager.swift */; };
		4CBB677B1DD11732003FF631 /* Category.swift in Sources */ = {isa = PBXBuildFile; fileRef = 4CBB677A1DD11732003FF631 /* Category.swift */; };
		4CBB677F1DD11BBC003FF631 /* StackObserver.swift in Sources */ = {isa = PBXBuildFile; fileRef = 4CBB677E1DD11BBC003FF631 /* StackObserver.swift */; };
		4CBB67811DD12E6E003FF631 /* CoreLocation.framework in Frameworks */ = {isa = PBXBuildFile; fileRef = 4CBB67801DD12E6E003FF631 /* CoreLocation.framework */; };
		4CCDED9F1DEAFCA50051C1B9 /* UIStoryboard.swift in Sources */ = {isa = PBXBuildFile; fileRef = 4CCDED9E1DEAFCA50051C1B9 /* UIStoryboard.swift */; };
		4CCDEDA21DEB10AD0051C1B9 /* UIViewController.swift in Sources */ = {isa = PBXBuildFile; fileRef = 4CCDEDA11DEB10AD0051C1B9 /* UIViewController.swift */; };
		4CD01C001DCF4F6400C4AB55 /* UIAlertController.swift in Sources */ = {isa = PBXBuildFile; fileRef = 4CD01BFF1DCF4F6400C4AB55 /* UIAlertController.swift */; };
		4CD01C021DCF553800C4AB55 /* SegueFromLeft.swift in Sources */ = {isa = PBXBuildFile; fileRef = 4CD01C011DCF553800C4AB55 /* SegueFromLeft.swift */; };
		4CD01C051DCF591100C4AB55 /* ValidationHelper.swift in Sources */ = {isa = PBXBuildFile; fileRef = 4CD01C041DCF591100C4AB55 /* ValidationHelper.swift */; };
		4CD01C071DCFAF7300C4AB55 /* TabBarController.swift in Sources */ = {isa = PBXBuildFile; fileRef = 4CD01C061DCFAF7300C4AB55 /* TabBarController.swift */; };
		4CD01C0B1DCFB1DE00C4AB55 /* UIColor.swift in Sources */ = {isa = PBXBuildFile; fileRef = 4CD01C0A1DCFB1DE00C4AB55 /* UIColor.swift */; };
		4CD01C0D1DCFC09000C4AB55 /* HomeTableViewController.swift in Sources */ = {isa = PBXBuildFile; fileRef = 4CD01C0C1DCFC09000C4AB55 /* HomeTableViewController.swift */; };
		4CD4006F1E68C9F200849486 /* PhotoLibraryCacheController.swift in Sources */ = {isa = PBXBuildFile; fileRef = 4CD4006E1E68C9F200849486 /* PhotoLibraryCacheController.swift */; };
		4CDCA8151DF0ABCB00F230A4 /* LocationService.swift in Sources */ = {isa = PBXBuildFile; fileRef = 4CDCA8141DF0ABCB00F230A4 /* LocationService.swift */; };
		4CDD60411E941A8600260B34 /* NoNetworkOverlay.swift in Sources */ = {isa = PBXBuildFile; fileRef = 4CDD60401E941A8600260B34 /* NoNetworkOverlay.swift */; };
		4CDF32441E070A3C0079C8BE /* NSObject.swift in Sources */ = {isa = PBXBuildFile; fileRef = 4CDF32431E070A3C0079C8BE /* NSObject.swift */; };
		4CE6C79E1E56533200B1BEBA /* UIButton.swift in Sources */ = {isa = PBXBuildFile; fileRef = 4CE6C79D1E56533200B1BEBA /* UIButton.swift */; };
		4CE74D2F1DD6390500D46295 /* CustomKolodaView.swift in Sources */ = {isa = PBXBuildFile; fileRef = 4CE74D2E1DD6390500D46295 /* CustomKolodaView.swift */; };
		4CE74D311DD639B400D46295 /* AutoCompleteTextField.swift in Sources */ = {isa = PBXBuildFile; fileRef = 4CE74D301DD639B400D46295 /* AutoCompleteTextField.swift */; };
		4CE74D331DD63C5200D46295 /* CustomTipView.swift in Sources */ = {isa = PBXBuildFile; fileRef = 4CE74D321DD63C5200D46295 /* CustomTipView.swift */; };
		4CE74D371DD63CFE00D46295 /* CustomTipView.xib in Resources */ = {isa = PBXBuildFile; fileRef = 4CE74D361DD63CFE00D46295 /* CustomTipView.xib */; };
		4CE74D391DD63F3E00D46295 /* PhotoThumbnail.swift in Sources */ = {isa = PBXBuildFile; fileRef = 4CE74D381DD63F3E00D46295 /* PhotoThumbnail.swift */; };
		4CE74D3B1DD6407B00D46295 /* CameraCell.swift in Sources */ = {isa = PBXBuildFile; fileRef = 4CE74D3A1DD6407B00D46295 /* CameraCell.swift */; };
		4CE74D3D1DD6414500D46295 /* ImagePickerPreviewViewController.swift in Sources */ = {isa = PBXBuildFile; fileRef = 4CE74D3C1DD6414500D46295 /* ImagePickerPreviewViewController.swift */; };
		4CE74D411DD6426500D46295 /* Picker.storyboard in Resources */ = {isa = PBXBuildFile; fileRef = 4CE74D401DD6426500D46295 /* Picker.storyboard */; };
		4CE74D431DD642FD00D46295 /* Report.storyboard in Resources */ = {isa = PBXBuildFile; fileRef = 4CE74D421DD642FD00D46295 /* Report.storyboard */; };
		4CE74D451DD6455500D46295 /* HelpPopUpViewController.swift in Sources */ = {isa = PBXBuildFile; fileRef = 4CE74D441DD6455500D46295 /* HelpPopUpViewController.swift */; };
		4CE74D471DD6457800D46295 /* Help.storyboard in Resources */ = {isa = PBXBuildFile; fileRef = 4CE74D461DD6457800D46295 /* Help.storyboard */; };
		4CE74D491DD64F5900D46295 /* ReportViewController.swift in Sources */ = {isa = PBXBuildFile; fileRef = 4CE74D481DD64F5900D46295 /* ReportViewController.swift */; };
		4CEA93A31DE20ACC00428DCC /* CALayer.swift in Sources */ = {isa = PBXBuildFile; fileRef = 4CEA93A21DE20ACC00428DCC /* CALayer.swift */; };
		4CEA93A51DE213E100428DCC /* ProfileGridCell.xib in Resources */ = {isa = PBXBuildFile; fileRef = 4CEA93A41DE213E100428DCC /* ProfileGridCell.xib */; };
		4CEA93A71DE217A200428DCC /* ProfileGridCell.swift in Sources */ = {isa = PBXBuildFile; fileRef = 4CEA93A61DE217A200428DCC /* ProfileGridCell.swift */; };
		4CF8C2B21DDA6C02003B27AB /* UIImageView.swift in Sources */ = {isa = PBXBuildFile; fileRef = 4CF8C2B11DDA6C02003B27AB /* UIImageView.swift */; };
		4CFFC7251E7EC31F009C351A /* NSMutableAttributedString.swift in Sources */ = {isa = PBXBuildFile; fileRef = 4CFFC7241E7EC31F009C351A /* NSMutableAttributedString.swift */; };
/* End PBXBuildFile section */

/* Begin PBXFileReference section */
		4C0144591E5CED170016735F /* PhotoLibraryHelper.swift */ = {isa = PBXFileReference; fileEncoding = 4; lastKnownFileType = sourcecode.swift; path = PhotoLibraryHelper.swift; sourceTree = "<group>"; };
		4C09E83E1E9D9168005E75CB /* Reachability.swift */ = {isa = PBXFileReference; fileEncoding = 4; lastKnownFileType = sourcecode.swift; path = Reachability.swift; sourceTree = "<group>"; };
		4C183FC11E846CA10044E621 /* ProgressOverlay.swift */ = {isa = PBXFileReference; fileEncoding = 4; lastKnownFileType = sourcecode.swift; path = ProgressOverlay.swift; sourceTree = "<group>"; };
		4C183FC31E84792B0044E621 /* Double.swift */ = {isa = PBXFileReference; fileEncoding = 4; lastKnownFileType = sourcecode.swift; path = Double.swift; sourceTree = "<group>"; };
		4C1E1F651E411798004EF65C /* ReportUser.storyboard */ = {isa = PBXFileReference; fileEncoding = 4; lastKnownFileType = file.storyboard; path = ReportUser.storyboard; sourceTree = "<group>"; };
		4C1E1F671E411F81004EF65C /* ReportUserViewController.swift */ = {isa = PBXFileReference; fileEncoding = 4; lastKnownFileType = sourcecode.swift; path = ReportUserViewController.swift; sourceTree = "<group>"; };
		4C1E1F691E412E67004EF65C /* ProfanityFilter.swift */ = {isa = PBXFileReference; fileEncoding = 4; lastKnownFileType = sourcecode.swift; path = ProfanityFilter.swift; sourceTree = "<group>"; };
		4C1E1F6C1E4130F6004EF65C /* Profanity.json */ = {isa = PBXFileReference; fileEncoding = 4; lastKnownFileType = text.json; name = Profanity.json; path = ../../../../../../Desktop/Profanity.json; sourceTree = "<group>"; };
		4C1E1F6E1E4138C4004EF65C /* AgreementViewController.swift */ = {isa = PBXFileReference; fileEncoding = 4; lastKnownFileType = sourcecode.swift; path = AgreementViewController.swift; sourceTree = "<group>"; };
		4C1E3AA81DD24E0900507E84 /* AdSupport.framework */ = {isa = PBXFileReference; lastKnownFileType = wrapper.framework; name = AdSupport.framework; path = System/Library/Frameworks/AdSupport.framework; sourceTree = SDKROOT; };
		4C1E3AAA1DD24F9500507E84 /* FBSDKCoreKit.framework */ = {isa = PBXFileReference; lastKnownFileType = wrapper.framework; name = FBSDKCoreKit.framework; path = "../../../../../Library/Developer/Xcode/DerivedData/Yaknak-fbrsgrynfeuoxibmaynblfdeogez/Build/Products/Debug-iphonesimulator/FBSDKCoreKit/FBSDKCoreKit.framework"; sourceTree = "<group>"; };
		4C1E3AAC1DD24F9900507E84 /* FBSDKLoginKit.framework */ = {isa = PBXFileReference; lastKnownFileType = wrapper.framework; name = FBSDKLoginKit.framework; path = "../../../../../Library/Developer/Xcode/DerivedData/Yaknak-fbrsgrynfeuoxibmaynblfdeogez/Build/Products/Debug-iphonesimulator/FBSDKLoginKit/FBSDKLoginKit.framework"; sourceTree = "<group>"; };
		4C1E3AAE1DD24F9E00507E84 /* Photos.framework */ = {isa = PBXFileReference; lastKnownFileType = wrapper.framework; name = Photos.framework; path = System/Library/Frameworks/Photos.framework; sourceTree = SDKROOT; };
		4C1E3AB01DD24FA200507E84 /* SafariServices.framework */ = {isa = PBXFileReference; lastKnownFileType = wrapper.framework; name = SafariServices.framework; path = System/Library/Frameworks/SafariServices.framework; sourceTree = SDKROOT; };
		4C1E3AB21DD24FB000507E84 /* FBSDKShareKit.framework */ = {isa = PBXFileReference; lastKnownFileType = wrapper.framework; name = FBSDKShareKit.framework; path = "../../../../../Library/Developer/Xcode/DerivedData/Yaknak-fbrsgrynfeuoxibmaynblfdeogez/Build/Products/Debug-iphonesimulator/FBSDKShareKit/FBSDKShareKit.framework"; sourceTree = "<group>"; };
		4C1E3AB41DD24FB500507E84 /* CoreGraphics.framework */ = {isa = PBXFileReference; lastKnownFileType = wrapper.framework; name = CoreGraphics.framework; path = System/Library/Frameworks/CoreGraphics.framework; sourceTree = SDKROOT; };
		4C1E3AB61DD24FBC00507E84 /* SystemConfiguration.framework */ = {isa = PBXFileReference; lastKnownFileType = wrapper.framework; name = SystemConfiguration.framework; path = System/Library/Frameworks/SystemConfiguration.framework; sourceTree = SDKROOT; };
		4C1E3AB81DD24FD900507E84 /* Security.framework */ = {isa = PBXFileReference; lastKnownFileType = wrapper.framework; name = Security.framework; path = System/Library/Frameworks/Security.framework; sourceTree = SDKROOT; };
		4C1E3ABA1DD24FDD00507E84 /* ImageIO.framework */ = {isa = PBXFileReference; lastKnownFileType = wrapper.framework; name = ImageIO.framework; path = System/Library/Frameworks/ImageIO.framework; sourceTree = SDKROOT; };
		4C1E3ABC1DD24FE400507E84 /* OpenGLES.framework */ = {isa = PBXFileReference; lastKnownFileType = wrapper.framework; name = OpenGLES.framework; path = System/Library/Frameworks/OpenGLES.framework; sourceTree = SDKROOT; };
		4C1E3ABE1DD24FFD00507E84 /* GLKit.framework */ = {isa = PBXFileReference; lastKnownFileType = wrapper.framework; name = GLKit.framework; path = System/Library/Frameworks/GLKit.framework; sourceTree = SDKROOT; };
		4C1E3AC01DD2500700507E84 /* CoreText.framework */ = {isa = PBXFileReference; lastKnownFileType = wrapper.framework; name = CoreText.framework; path = System/Library/Frameworks/CoreText.framework; sourceTree = SDKROOT; };
		4C1E3AC21DD2501B00507E84 /* CoreData.framework */ = {isa = PBXFileReference; lastKnownFileType = wrapper.framework; name = CoreData.framework; path = System/Library/Frameworks/CoreData.framework; sourceTree = SDKROOT; };
		4C1E3AC41DD2501F00507E84 /* CoreBluetooth.framework */ = {isa = PBXFileReference; lastKnownFileType = wrapper.framework; name = CoreBluetooth.framework; path = System/Library/Frameworks/CoreBluetooth.framework; sourceTree = SDKROOT; };
		4C1E3AC61DD2502400507E84 /* Accelerate.framework */ = {isa = PBXFileReference; lastKnownFileType = wrapper.framework; name = Accelerate.framework; path = System/Library/Frameworks/Accelerate.framework; sourceTree = SDKROOT; };
		4C1E3AC81DD2502900507E84 /* AVFoundation.framework */ = {isa = PBXFileReference; lastKnownFileType = wrapper.framework; name = AVFoundation.framework; path = System/Library/Frameworks/AVFoundation.framework; sourceTree = SDKROOT; };
		4C1E3ACA1DD2502F00507E84 /* QuartzCore.framework */ = {isa = PBXFileReference; lastKnownFileType = wrapper.framework; name = QuartzCore.framework; path = System/Library/Frameworks/QuartzCore.framework; sourceTree = SDKROOT; };
		4C244F311E7F29F600AD2271 /* CircularLoaderView.swift */ = {isa = PBXFileReference; fileEncoding = 4; lastKnownFileType = sourcecode.swift; path = CircularLoaderView.swift; sourceTree = "<group>"; };
		4C335BEE1E4620F500D3EA5E /* LoadingOverlay.swift */ = {isa = PBXFileReference; fileEncoding = 4; lastKnownFileType = sourcecode.swift; path = LoadingOverlay.swift; sourceTree = "<group>"; };
		4C3673191EAE753E00ED9919 /* PlaceHolderTextView.swift */ = {isa = PBXFileReference; fileEncoding = 4; lastKnownFileType = sourcecode.swift; path = PlaceHolderTextView.swift; sourceTree = "<group>"; };
		4C36731C1EAE790D00ED9919 /* EditTipViewController.swift */ = {isa = PBXFileReference; fileEncoding = 4; lastKnownFileType = sourcecode.swift; path = EditTipViewController.swift; sourceTree = "<group>"; };
		4C36731E1EAE794E00ED9919 /* EditTip.storyboard */ = {isa = PBXFileReference; fileEncoding = 4; lastKnownFileType = file.storyboard; path = EditTip.storyboard; sourceTree = "<group>"; };
		4C38DA661EAFC56800CB7758 /* SelectionListCell.swift */ = {isa = PBXFileReference; fileEncoding = 4; lastKnownFileType = sourcecode.swift; path = SelectionListCell.swift; sourceTree = "<group>"; };
		4C43746A1E81DDD300A544B2 /* Yaknak-Bridging-Header.h */ = {isa = PBXFileReference; lastKnownFileType = sourcecode.c.h; path = "Yaknak-Bridging-Header.h"; sourceTree = "<group>"; };
		4C47119A1DCE8B3D00DCE46E /* SignUpViewController.swift */ = {isa = PBXFileReference; fileEncoding = 4; lastKnownFileType = sourcecode.swift; path = SignUpViewController.swift; sourceTree = "<group>"; };
		4C50A10B1E7C8A0500A3326D /* FBLoginViewController.swift */ = {isa = PBXFileReference; fileEncoding = 4; lastKnownFileType = sourcecode.swift; path = FBLoginViewController.swift; sourceTree = "<group>"; };
		4C5114E21EAA65EB0030174F /* PinMapView.xib */ = {isa = PBXFileReference; fileEncoding = 4; lastKnownFileType = file.xib; path = PinMapView.xib; sourceTree = "<group>"; };
		4C5114E41EAA68670030174F /* PinMapView.swift */ = {isa = PBXFileReference; fileEncoding = 4; lastKnownFileType = sourcecode.swift; path = PinMapView.swift; sourceTree = "<group>"; };
		4C5114E61EAA6A5C0030174F /* PinMapViewController.swift */ = {isa = PBXFileReference; fileEncoding = 4; lastKnownFileType = sourcecode.swift; path = PinMapViewController.swift; sourceTree = "<group>"; };
		4C59DF4E1DD53CAC0089AD66 /* PolicyViewController.swift */ = {isa = PBXFileReference; fileEncoding = 4; lastKnownFileType = sourcecode.swift; path = PolicyViewController.swift; sourceTree = "<group>"; };
		4C59DF501DD5411F0089AD66 /* TermsViewController.swift */ = {isa = PBXFileReference; fileEncoding = 4; lastKnownFileType = sourcecode.swift; path = TermsViewController.swift; sourceTree = "<group>"; };
		4C59DF521DD543AD0089AD66 /* ProfileViewController.swift */ = {isa = PBXFileReference; fileEncoding = 4; lastKnownFileType = sourcecode.swift; path = ProfileViewController.swift; sourceTree = "<group>"; };
		4C59DF541DD546E10089AD66 /* SwipeTipViewController.swift */ = {isa = PBXFileReference; fileEncoding = 4; lastKnownFileType = sourcecode.swift; path = SwipeTipViewController.swift; sourceTree = "<group>"; };
		4C59DF561DD547970089AD66 /* AddTipViewController.swift */ = {isa = PBXFileReference; fileEncoding = 4; lastKnownFileType = sourcecode.swift; path = AddTipViewController.swift; sourceTree = "<group>"; };
		4C5E77501DE0B8900014E0D6 /* SplashView.xib */ = {isa = PBXFileReference; fileEncoding = 4; lastKnownFileType = file.xib; path = SplashView.xib; sourceTree = "<group>"; };
		4C5E77521DE0BC150014E0D6 /* SplashView.swift */ = {isa = PBXFileReference; fileEncoding = 4; lastKnownFileType = sourcecode.swift; path = SplashView.swift; sourceTree = "<group>"; };
		4C6B0DF11DE76DE800B8CCAC /* TextField.swift */ = {isa = PBXFileReference; fileEncoding = 4; lastKnownFileType = sourcecode.swift; path = TextField.swift; sourceTree = "<group>"; };
		4C6FFC201DCEA32300714E8F /* Yaknak.entitlements */ = {isa = PBXFileReference; lastKnownFileType = text.plist.entitlements; path = Yaknak.entitlements; sourceTree = "<group>"; };
		4C6FFC211DCEB36200714E8F /* SplashViewController.swift */ = {isa = PBXFileReference; fileEncoding = 4; lastKnownFileType = sourcecode.swift; path = SplashViewController.swift; sourceTree = "<group>"; };
		4C6FFC241DCEB50300714E8F /* CGExtension.swift */ = {isa = PBXFileReference; fileEncoding = 4; lastKnownFileType = sourcecode.swift; path = CGExtension.swift; sourceTree = "<group>"; };
		4C7945841EB53262007ACFAB /* TipEdit.swift */ = {isa = PBXFileReference; fileEncoding = 4; lastKnownFileType = sourcecode.swift; path = TipEdit.swift; sourceTree = "<group>"; };
		4C7C77EE1DCDFF9A009CF299 /* Yaknak.app */ = {isa = PBXFileReference; explicitFileType = wrapper.application; includeInIndex = 0; path = Yaknak.app; sourceTree = BUILT_PRODUCTS_DIR; };
		4C7C77F11DCDFF9A009CF299 /* AppDelegate.swift */ = {isa = PBXFileReference; lastKnownFileType = sourcecode.swift; path = AppDelegate.swift; sourceTree = "<group>"; };
		4C7C77F31DCDFF9A009CF299 /* LoginViewController.swift */ = {isa = PBXFileReference; lastKnownFileType = sourcecode.swift; path = LoginViewController.swift; sourceTree = "<group>"; };
		4C7C77F61DCDFF9A009CF299 /* Base */ = {isa = PBXFileReference; lastKnownFileType = file.storyboard; name = Base; path = Base.lproj/Main.storyboard; sourceTree = "<group>"; };
		4C7C77F81DCDFF9A009CF299 /* Assets.xcassets */ = {isa = PBXFileReference; lastKnownFileType = folder.assetcatalog; path = Assets.xcassets; sourceTree = "<group>"; };
		4C7C77FB1DCDFF9A009CF299 /* Base */ = {isa = PBXFileReference; lastKnownFileType = file.storyboard; name = Base; path = Base.lproj/LaunchScreen.storyboard; sourceTree = "<group>"; };
		4C7C77FD1DCDFF9A009CF299 /* Info.plist */ = {isa = PBXFileReference; lastKnownFileType = text.plist.xml; path = Info.plist; sourceTree = "<group>"; };
		4C7C78031DCE0770009CF299 /* GoogleService-Info.plist */ = {isa = PBXFileReference; fileEncoding = 4; lastKnownFileType = text.plist.xml; name = "GoogleService-Info.plist"; path = "../../../../../../Downloads/GoogleService-Info.plist"; sourceTree = "<group>"; };
		4C814D271E7DEBAB00655493 /* LineView.swift */ = {isa = PBXFileReference; fileEncoding = 4; lastKnownFileType = sourcecode.swift; path = LineView.swift; sourceTree = "<group>"; };
		4C855B031DF86F2D001D0E51 /* MapView.xib */ = {isa = PBXFileReference; fileEncoding = 4; lastKnownFileType = file.xib; path = MapView.xib; sourceTree = "<group>"; };
		4C855B051DF86F5E001D0E51 /* MapView.swift */ = {isa = PBXFileReference; fileEncoding = 4; lastKnownFileType = sourcecode.swift; path = MapView.swift; sourceTree = "<group>"; };
		4C88AD1D1E0DB2B600EB5C10 /* Dashboard.swift */ = {isa = PBXFileReference; fileEncoding = 4; lastKnownFileType = sourcecode.swift; path = Dashboard.swift; sourceTree = "<group>"; };
		4C9284D41DD4EAB8007DAEDE /* SettingsViewController.swift */ = {isa = PBXFileReference; fileEncoding = 4; lastKnownFileType = sourcecode.swift; path = SettingsViewController.swift; sourceTree = "<group>"; };
		4C9284D61DD4ED64007DAEDE /* TableSectionHeader.xib */ = {isa = PBXFileReference; fileEncoding = 4; lastKnownFileType = file.xib; path = TableSectionHeader.xib; sourceTree = "<group>"; };
		4C9284D81DD4EDFC007DAEDE /* TableSectionHeader.swift */ = {isa = PBXFileReference; fileEncoding = 4; lastKnownFileType = sourcecode.swift; path = TableSectionHeader.swift; sourceTree = "<group>"; };
		4C9284DA1DD51219007DAEDE /* LicensesViewController.swift */ = {isa = PBXFileReference; fileEncoding = 4; lastKnownFileType = sourcecode.swift; path = LicensesViewController.swift; sourceTree = "<group>"; };
		4C9D48DE1DF101C400155A9A /* BackgroundKolodaAnimator.swift */ = {isa = PBXFileReference; fileEncoding = 4; lastKnownFileType = sourcecode.swift; path = BackgroundKolodaAnimator.swift; sourceTree = "<group>"; };
		4CA131341DDBE97800E9A79E /* MapViewController.swift */ = {isa = PBXFileReference; fileEncoding = 4; lastKnownFileType = sourcecode.swift; path = MapViewController.swift; sourceTree = "<group>"; };
		4CA854431DCE0B2F009E8497 /* Constants.swift */ = {isa = PBXFileReference; fileEncoding = 4; lastKnownFileType = sourcecode.swift; path = Constants.swift; sourceTree = "<group>"; };
		4CA854451DCE0FF3009E8497 /* DataService.swift */ = {isa = PBXFileReference; fileEncoding = 4; lastKnownFileType = sourcecode.swift; path = DataService.swift; sourceTree = "<group>"; };
		4CA8544A1DCE4DE6009E8497 /* User.swift */ = {isa = PBXFileReference; fileEncoding = 4; lastKnownFileType = sourcecode.swift; path = User.swift; sourceTree = "<group>"; };
		4CA8544C1DCE4F1B009E8497 /* Tip.swift */ = {isa = PBXFileReference; fileEncoding = 4; lastKnownFileType = sourcecode.swift; path = Tip.swift; sourceTree = "<group>"; };
		4CAF30551DF63C8A006F5101 /* String.swift */ = {isa = PBXFileReference; fileEncoding = 4; lastKnownFileType = sourcecode.swift; path = String.swift; sourceTree = "<group>"; };
		4CB191931DDB956C00524CC6 /* UIImage.swift */ = {isa = PBXFileReference; fileEncoding = 4; lastKnownFileType = sourcecode.swift; path = UIImage.swift; sourceTree = "<group>"; };
		4CB41C791E870AED00EC0377 /* NSLayoutConstraint.swift */ = {isa = PBXFileReference; fileEncoding = 4; lastKnownFileType = sourcecode.swift; path = NSLayoutConstraint.swift; sourceTree = "<group>"; };
		4CB5A3A21DE3772100D9EC2C /* SingleTipViewController.swift */ = {isa = PBXFileReference; fileEncoding = 4; lastKnownFileType = sourcecode.swift; path = SingleTipViewController.swift; sourceTree = "<group>"; };
		4CB5A3A41DE3773500D9EC2C /* SingleTipView.xib */ = {isa = PBXFileReference; fileEncoding = 4; lastKnownFileType = file.xib; path = SingleTipView.xib; sourceTree = "<group>"; };
		4CB5A3A61DE378BB00D9EC2C /* UIView.swift */ = {isa = PBXFileReference; fileEncoding = 4; lastKnownFileType = sourcecode.swift; path = UIView.swift; sourceTree = "<group>"; };
		4CB5A3A81DE379EC00D9EC2C /* SingleTipView.swift */ = {isa = PBXFileReference; fileEncoding = 4; lastKnownFileType = sourcecode.swift; path = SingleTipView.swift; sourceTree = "<group>"; };
		4CB954441E81AD2D000A7361 /* GeoTasks.swift */ = {isa = PBXFileReference; fileEncoding = 4; lastKnownFileType = sourcecode.swift; path = GeoTasks.swift; sourceTree = "<group>"; };
		4CB954461E81CAB6000A7361 /* TravelMode.swift */ = {isa = PBXFileReference; fileEncoding = 4; lastKnownFileType = sourcecode.swift; path = TravelMode.swift; sourceTree = "<group>"; };
		4CB9CD951E33BBB90045CAC6 /* LoadingButton.swift */ = {isa = PBXFileReference; fileEncoding = 4; lastKnownFileType = sourcecode.swift; path = LoadingButton.swift; sourceTree = "<group>"; };
		4CBB67741DD0FE02003FF631 /* HomeTableViewCell.swift */ = {isa = PBXFileReference; fileEncoding = 4; lastKnownFileType = sourcecode.swift; path = HomeTableViewCell.swift; sourceTree = "<group>"; };
		4CBB67751DD0FE02003FF631 /* HomeTableViewCell.xib */ = {isa = PBXFileReference; fileEncoding = 4; lastKnownFileType = file.xib; path = HomeTableViewCell.xib; sourceTree = "<group>"; };
		4CBB67781DD10856003FF631 /* SettingsManager.swift */ = {isa = PBXFileReference; fileEncoding = 4; lastKnownFileType = sourcecode.swift; path = SettingsManager.swift; sourceTree = "<group>"; };
		4CBB677A1DD11732003FF631 /* Category.swift */ = {isa = PBXFileReference; fileEncoding = 4; lastKnownFileType = sourcecode.swift; path = Category.swift; sourceTree = "<group>"; };
		4CBB677E1DD11BBC003FF631 /* StackObserver.swift */ = {isa = PBXFileReference; fileEncoding = 4; lastKnownFileType = sourcecode.swift; path = StackObserver.swift; sourceTree = "<group>"; };
		4CBB67801DD12E6E003FF631 /* CoreLocation.framework */ = {isa = PBXFileReference; lastKnownFileType = wrapper.framework; name = CoreLocation.framework; path = System/Library/Frameworks/CoreLocation.framework; sourceTree = SDKROOT; };
		4CCDED9E1DEAFCA50051C1B9 /* UIStoryboard.swift */ = {isa = PBXFileReference; fileEncoding = 4; lastKnownFileType = sourcecode.swift; path = UIStoryboard.swift; sourceTree = "<group>"; };
		4CCDEDA11DEB10AD0051C1B9 /* UIViewController.swift */ = {isa = PBXFileReference; fileEncoding = 4; lastKnownFileType = sourcecode.swift; path = UIViewController.swift; sourceTree = "<group>"; };
		4CD01BFF1DCF4F6400C4AB55 /* UIAlertController.swift */ = {isa = PBXFileReference; fileEncoding = 4; lastKnownFileType = sourcecode.swift; path = UIAlertController.swift; sourceTree = "<group>"; };
		4CD01C011DCF553800C4AB55 /* SegueFromLeft.swift */ = {isa = PBXFileReference; fileEncoding = 4; lastKnownFileType = sourcecode.swift; path = SegueFromLeft.swift; sourceTree = "<group>"; };
		4CD01C041DCF591100C4AB55 /* ValidationHelper.swift */ = {isa = PBXFileReference; fileEncoding = 4; lastKnownFileType = sourcecode.swift; path = ValidationHelper.swift; sourceTree = "<group>"; };
		4CD01C061DCFAF7300C4AB55 /* TabBarController.swift */ = {isa = PBXFileReference; fileEncoding = 4; lastKnownFileType = sourcecode.swift; path = TabBarController.swift; sourceTree = "<group>"; };
		4CD01C0A1DCFB1DE00C4AB55 /* UIColor.swift */ = {isa = PBXFileReference; fileEncoding = 4; lastKnownFileType = sourcecode.swift; path = UIColor.swift; sourceTree = "<group>"; };
		4CD01C0C1DCFC09000C4AB55 /* HomeTableViewController.swift */ = {isa = PBXFileReference; fileEncoding = 4; lastKnownFileType = sourcecode.swift; path = HomeTableViewController.swift; sourceTree = "<group>"; };
		4CD4006E1E68C9F200849486 /* PhotoLibraryCacheController.swift */ = {isa = PBXFileReference; fileEncoding = 4; lastKnownFileType = sourcecode.swift; path = PhotoLibraryCacheController.swift; sourceTree = "<group>"; };
		4CDCA8141DF0ABCB00F230A4 /* LocationService.swift */ = {isa = PBXFileReference; fileEncoding = 4; lastKnownFileType = sourcecode.swift; path = LocationService.swift; sourceTree = "<group>"; };
		4CDD60401E941A8600260B34 /* NoNetworkOverlay.swift */ = {isa = PBXFileReference; fileEncoding = 4; lastKnownFileType = sourcecode.swift; path = NoNetworkOverlay.swift; sourceTree = "<group>"; };
		4CDF32431E070A3C0079C8BE /* NSObject.swift */ = {isa = PBXFileReference; fileEncoding = 4; lastKnownFileType = sourcecode.swift; path = NSObject.swift; sourceTree = "<group>"; };
		4CE6C79D1E56533200B1BEBA /* UIButton.swift */ = {isa = PBXFileReference; fileEncoding = 4; lastKnownFileType = sourcecode.swift; path = UIButton.swift; sourceTree = "<group>"; };
		4CE74D2E1DD6390500D46295 /* CustomKolodaView.swift */ = {isa = PBXFileReference; fileEncoding = 4; lastKnownFileType = sourcecode.swift; path = CustomKolodaView.swift; sourceTree = "<group>"; };
		4CE74D301DD639B400D46295 /* AutoCompleteTextField.swift */ = {isa = PBXFileReference; fileEncoding = 4; lastKnownFileType = sourcecode.swift; path = AutoCompleteTextField.swift; sourceTree = "<group>"; };
		4CE74D321DD63C5200D46295 /* CustomTipView.swift */ = {isa = PBXFileReference; fileEncoding = 4; lastKnownFileType = sourcecode.swift; path = CustomTipView.swift; sourceTree = "<group>"; };
		4CE74D361DD63CFE00D46295 /* CustomTipView.xib */ = {isa = PBXFileReference; fileEncoding = 4; lastKnownFileType = file.xib; path = CustomTipView.xib; sourceTree = "<group>"; };
		4CE74D381DD63F3E00D46295 /* PhotoThumbnail.swift */ = {isa = PBXFileReference; fileEncoding = 4; lastKnownFileType = sourcecode.swift; path = PhotoThumbnail.swift; sourceTree = "<group>"; };
		4CE74D3A1DD6407B00D46295 /* CameraCell.swift */ = {isa = PBXFileReference; fileEncoding = 4; lastKnownFileType = sourcecode.swift; path = CameraCell.swift; sourceTree = "<group>"; };
		4CE74D3C1DD6414500D46295 /* ImagePickerPreviewViewController.swift */ = {isa = PBXFileReference; fileEncoding = 4; lastKnownFileType = sourcecode.swift; path = ImagePickerPreviewViewController.swift; sourceTree = "<group>"; };
		4CE74D401DD6426500D46295 /* Picker.storyboard */ = {isa = PBXFileReference; fileEncoding = 4; lastKnownFileType = file.storyboard; path = Picker.storyboard; sourceTree = "<group>"; };
		4CE74D421DD642FD00D46295 /* Report.storyboard */ = {isa = PBXFileReference; fileEncoding = 4; lastKnownFileType = file.storyboard; path = Report.storyboard; sourceTree = "<group>"; };
		4CE74D441DD6455500D46295 /* HelpPopUpViewController.swift */ = {isa = PBXFileReference; fileEncoding = 4; lastKnownFileType = sourcecode.swift; path = HelpPopUpViewController.swift; sourceTree = "<group>"; };
		4CE74D461DD6457800D46295 /* Help.storyboard */ = {isa = PBXFileReference; fileEncoding = 4; lastKnownFileType = file.storyboard; path = Help.storyboard; sourceTree = "<group>"; };
		4CE74D481DD64F5900D46295 /* ReportViewController.swift */ = {isa = PBXFileReference; fileEncoding = 4; lastKnownFileType = sourcecode.swift; path = ReportViewController.swift; sourceTree = "<group>"; };
		4CEA93A21DE20ACC00428DCC /* CALayer.swift */ = {isa = PBXFileReference; fileEncoding = 4; lastKnownFileType = sourcecode.swift; path = CALayer.swift; sourceTree = "<group>"; };
		4CEA93A41DE213E100428DCC /* ProfileGridCell.xib */ = {isa = PBXFileReference; fileEncoding = 4; lastKnownFileType = file.xib; path = ProfileGridCell.xib; sourceTree = "<group>"; };
		4CEA93A61DE217A200428DCC /* ProfileGridCell.swift */ = {isa = PBXFileReference; fileEncoding = 4; lastKnownFileType = sourcecode.swift; path = ProfileGridCell.swift; sourceTree = "<group>"; };
		4CF8C2B11DDA6C02003B27AB /* UIImageView.swift */ = {isa = PBXFileReference; fileEncoding = 4; lastKnownFileType = sourcecode.swift; path = UIImageView.swift; sourceTree = "<group>"; };
		4CFFC7241E7EC31F009C351A /* NSMutableAttributedString.swift */ = {isa = PBXFileReference; fileEncoding = 4; lastKnownFileType = sourcecode.swift; path = NSMutableAttributedString.swift; sourceTree = "<group>"; };
		A074B8E24F6503ECDD2EFB28 /* Pods-Yaknak.release.xcconfig */ = {isa = PBXFileReference; includeInIndex = 1; lastKnownFileType = text.xcconfig; name = "Pods-Yaknak.release.xcconfig"; path = "Pods/Target Support Files/Pods-Yaknak/Pods-Yaknak.release.xcconfig"; sourceTree = "<group>"; };
		AEB832083867859D7AA1D39C /* Pods-Yaknak.debug.xcconfig */ = {isa = PBXFileReference; includeInIndex = 1; lastKnownFileType = text.xcconfig; name = "Pods-Yaknak.debug.xcconfig"; path = "Pods/Target Support Files/Pods-Yaknak/Pods-Yaknak.debug.xcconfig"; sourceTree = "<group>"; };
		DE462F09E49728E0CEEFDCF9 /* Pods_Yaknak.framework */ = {isa = PBXFileReference; explicitFileType = wrapper.framework; includeInIndex = 0; path = Pods_Yaknak.framework; sourceTree = BUILT_PRODUCTS_DIR; };
/* End PBXFileReference section */

/* Begin PBXFrameworksBuildPhase section */
		4C7C77EB1DCDFF9A009CF299 /* Frameworks */ = {
			isa = PBXFrameworksBuildPhase;
			buildActionMask = 2147483647;
			files = (
				4C1E3ACB1DD2502F00507E84 /* QuartzCore.framework in Frameworks */,
				4C1E3AC91DD2502900507E84 /* AVFoundation.framework in Frameworks */,
				4C1E3AC71DD2502400507E84 /* Accelerate.framework in Frameworks */,
				4C1E3AC51DD2501F00507E84 /* CoreBluetooth.framework in Frameworks */,
				4C1E3AC31DD2501B00507E84 /* CoreData.framework in Frameworks */,
				4C1E3AC11DD2500700507E84 /* CoreText.framework in Frameworks */,
				4C1E3ABF1DD24FFD00507E84 /* GLKit.framework in Frameworks */,
				4C1E3ABD1DD24FE400507E84 /* OpenGLES.framework in Frameworks */,
				4C1E3ABB1DD24FDD00507E84 /* ImageIO.framework in Frameworks */,
				4C1E3AB91DD24FD900507E84 /* Security.framework in Frameworks */,
				4C1E3AB71DD24FBC00507E84 /* SystemConfiguration.framework in Frameworks */,
				4C1E3AB51DD24FB500507E84 /* CoreGraphics.framework in Frameworks */,
				4C1E3AB31DD24FB000507E84 /* FBSDKShareKit.framework in Frameworks */,
				4C1E3AB11DD24FA300507E84 /* SafariServices.framework in Frameworks */,
				4C1E3AAF1DD24F9E00507E84 /* Photos.framework in Frameworks */,
				4C1E3AAD1DD24F9900507E84 /* FBSDKLoginKit.framework in Frameworks */,
				4C1E3AAB1DD24F9500507E84 /* FBSDKCoreKit.framework in Frameworks */,
				4C1E3AA91DD24E0900507E84 /* AdSupport.framework in Frameworks */,
				4CBB67811DD12E6E003FF631 /* CoreLocation.framework in Frameworks */,
				2F771FB057EA337F58743739 /* Pods_Yaknak.framework in Frameworks */,
			);
			runOnlyForDeploymentPostprocessing = 0;
		};
/* End PBXFrameworksBuildPhase section */

/* Begin PBXGroup section */
		163D3077A025A0802D29AE29 /* Pods */ = {
			isa = PBXGroup;
			children = (
				AEB832083867859D7AA1D39C /* Pods-Yaknak.debug.xcconfig */,
				A074B8E24F6503ECDD2EFB28 /* Pods-Yaknak.release.xcconfig */,
			);
			name = Pods;
			sourceTree = "<group>";
		};
		2E8F9458A747E65589C5FE12 /* Frameworks */ = {
			isa = PBXGroup;
			children = (
				4C1E3ACA1DD2502F00507E84 /* QuartzCore.framework */,
				4C1E3AC81DD2502900507E84 /* AVFoundation.framework */,
				4C1E3AC61DD2502400507E84 /* Accelerate.framework */,
				4C1E3AC41DD2501F00507E84 /* CoreBluetooth.framework */,
				4C1E3AC21DD2501B00507E84 /* CoreData.framework */,
				4C1E3AC01DD2500700507E84 /* CoreText.framework */,
				4C1E3ABE1DD24FFD00507E84 /* GLKit.framework */,
				4C1E3ABC1DD24FE400507E84 /* OpenGLES.framework */,
				4C1E3ABA1DD24FDD00507E84 /* ImageIO.framework */,
				4C1E3AB81DD24FD900507E84 /* Security.framework */,
				4C1E3AB61DD24FBC00507E84 /* SystemConfiguration.framework */,
				4C1E3AB41DD24FB500507E84 /* CoreGraphics.framework */,
				4C1E3AB21DD24FB000507E84 /* FBSDKShareKit.framework */,
				4C1E3AB01DD24FA200507E84 /* SafariServices.framework */,
				4C1E3AAE1DD24F9E00507E84 /* Photos.framework */,
				4C1E3AAC1DD24F9900507E84 /* FBSDKLoginKit.framework */,
				4C1E3AAA1DD24F9500507E84 /* FBSDKCoreKit.framework */,
				4C1E3AA81DD24E0900507E84 /* AdSupport.framework */,
				4CBB67801DD12E6E003FF631 /* CoreLocation.framework */,
				DE462F09E49728E0CEEFDCF9 /* Pods_Yaknak.framework */,
			);
			name = Frameworks;
			sourceTree = "<group>";
		};
		4C6FFC231DCEB4F200714E8F /* Extensions */ = {
			isa = PBXGroup;
			children = (
				4C6FFC241DCEB50300714E8F /* CGExtension.swift */,
				4CD01BFF1DCF4F6400C4AB55 /* UIAlertController.swift */,
				4CD01C011DCF553800C4AB55 /* SegueFromLeft.swift */,
				4CD01C0A1DCFB1DE00C4AB55 /* UIColor.swift */,
				4C9284D81DD4EDFC007DAEDE /* TableSectionHeader.swift */,
				4CE74D301DD639B400D46295 /* AutoCompleteTextField.swift */,
				4CF8C2B11DDA6C02003B27AB /* UIImageView.swift */,
				4CB191931DDB956C00524CC6 /* UIImage.swift */,
				4CEA93A21DE20ACC00428DCC /* CALayer.swift */,
				4CB5A3A61DE378BB00D9EC2C /* UIView.swift */,
				4C6B0DF11DE76DE800B8CCAC /* TextField.swift */,
				4CCDED9E1DEAFCA50051C1B9 /* UIStoryboard.swift */,
				4CCDEDA11DEB10AD0051C1B9 /* UIViewController.swift */,
				4C9D48DE1DF101C400155A9A /* BackgroundKolodaAnimator.swift */,
				4CAF30551DF63C8A006F5101 /* String.swift */,
				4CDF32431E070A3C0079C8BE /* NSObject.swift */,
				4CE6C79D1E56533200B1BEBA /* UIButton.swift */,
				4CFFC7241E7EC31F009C351A /* NSMutableAttributedString.swift */,
				4C183FC31E84792B0044E621 /* Double.swift */,
				4CB41C791E870AED00EC0377 /* NSLayoutConstraint.swift */,
				4C3673191EAE753E00ED9919 /* PlaceHolderTextView.swift */,
			);
			name = Extensions;
			sourceTree = "<group>";
		};
		4C6FFC261DCEB5FE00714E8F /* Resources */ = {
			isa = PBXGroup;
			children = (
				4C1E1F6C1E4130F6004EF65C /* Profanity.json */,
				4C7C77F81DCDFF9A009CF299 /* Assets.xcassets */,
			);
			name = Resources;
			sourceTree = "<group>";
		};
		4C6FFC271DCEB60A00714E8F /* Supporting Files */ = {
			isa = PBXGroup;
			children = (
				4C7C77FD1DCDFF9A009CF299 /* Info.plist */,
				4C7C78031DCE0770009CF299 /* GoogleService-Info.plist */,
				4C6FFC201DCEA32300714E8F /* Yaknak.entitlements */,
			);
			name = "Supporting Files";
			sourceTree = "<group>";
		};
		4C7C77E51DCDFF9A009CF299 = {
			isa = PBXGroup;
			children = (
				4C7C77F01DCDFF9A009CF299 /* Yaknak */,
				4C7C77EF1DCDFF9A009CF299 /* Products */,
				163D3077A025A0802D29AE29 /* Pods */,
				2E8F9458A747E65589C5FE12 /* Frameworks */,
				4C43746A1E81DDD300A544B2 /* Yaknak-Bridging-Header.h */,
			);
			sourceTree = "<group>";
		};
		4C7C77EF1DCDFF9A009CF299 /* Products */ = {
			isa = PBXGroup;
			children = (
				4C7C77EE1DCDFF9A009CF299 /* Yaknak.app */,
			);
			name = Products;
			sourceTree = "<group>";
		};
		4C7C77F01DCDFF9A009CF299 /* Yaknak */ = {
			isa = PBXGroup;
			children = (
				4CD01C031DCF58F200C4AB55 /* Helper */,
				4C6FFC271DCEB60A00714E8F /* Supporting Files */,
				4C6FFC261DCEB5FE00714E8F /* Resources */,
				4C6FFC231DCEB4F200714E8F /* Extensions */,
				4CA854491DCE4DC1009E8497 /* View */,
				4CA854481DCE4DBC009E8497 /* Model */,
				4CA854471DCE4DB1009E8497 /* Controller */,
				4C7C77F11DCDFF9A009CF299 /* AppDelegate.swift */,
				4C7C77F51DCDFF9A009CF299 /* Main.storyboard */,
				4C7C77FA1DCDFF9A009CF299 /* LaunchScreen.storyboard */,
				4CA854431DCE0B2F009E8497 /* Constants.swift */,
				4CA854451DCE0FF3009E8497 /* DataService.swift */,
			);
			path = Yaknak;
			sourceTree = "<group>";
		};
		4CA854471DCE4DB1009E8497 /* Controller */ = {
			isa = PBXGroup;
			children = (
				4C7C77F31DCDFF9A009CF299 /* LoginViewController.swift */,
				4C47119A1DCE8B3D00DCE46E /* SignUpViewController.swift */,
				4C6FFC211DCEB36200714E8F /* SplashViewController.swift */,
				4CD01C061DCFAF7300C4AB55 /* TabBarController.swift */,
				4CD01C0C1DCFC09000C4AB55 /* HomeTableViewController.swift */,
				4C9284D41DD4EAB8007DAEDE /* SettingsViewController.swift */,
				4C9284DA1DD51219007DAEDE /* LicensesViewController.swift */,
				4C59DF4E1DD53CAC0089AD66 /* PolicyViewController.swift */,
				4C59DF501DD5411F0089AD66 /* TermsViewController.swift */,
				4C59DF521DD543AD0089AD66 /* ProfileViewController.swift */,
				4C59DF541DD546E10089AD66 /* SwipeTipViewController.swift */,
				4C59DF561DD547970089AD66 /* AddTipViewController.swift */,
				4CE74D3C1DD6414500D46295 /* ImagePickerPreviewViewController.swift */,
				4CE74D441DD6455500D46295 /* HelpPopUpViewController.swift */,
				4CE74D481DD64F5900D46295 /* ReportViewController.swift */,
				4CA131341DDBE97800E9A79E /* MapViewController.swift */,
				4CB5A3A21DE3772100D9EC2C /* SingleTipViewController.swift */,
				4C1E1F671E411F81004EF65C /* ReportUserViewController.swift */,
				4C1E1F6E1E4138C4004EF65C /* AgreementViewController.swift */,
				4CD4006E1E68C9F200849486 /* PhotoLibraryCacheController.swift */,
				4C50A10B1E7C8A0500A3326D /* FBLoginViewController.swift */,
				4C5114E61EAA6A5C0030174F /* PinMapViewController.swift */,
				4C36731C1EAE790D00ED9919 /* EditTipViewController.swift */,
			);
			name = Controller;
			sourceTree = "<group>";
		};
		4CA854481DCE4DBC009E8497 /* Model */ = {
			isa = PBXGroup;
			children = (
				4CA8544A1DCE4DE6009E8497 /* User.swift */,
				4CA8544C1DCE4F1B009E8497 /* Tip.swift */,
				4CBB677A1DD11732003FF631 /* Category.swift */,
				4C88AD1D1E0DB2B600EB5C10 /* Dashboard.swift */,
				4CB954461E81CAB6000A7361 /* TravelMode.swift */,
				4C7945841EB53262007ACFAB /* TipEdit.swift */,
			);
			name = Model;
			sourceTree = "<group>";
		};
		4CA854491DCE4DC1009E8497 /* View */ = {
			isa = PBXGroup;
			children = (
				4CBB67741DD0FE02003FF631 /* HomeTableViewCell.swift */,
				4CBB67751DD0FE02003FF631 /* HomeTableViewCell.xib */,
				4C9284D61DD4ED64007DAEDE /* TableSectionHeader.xib */,
				4CE74D2E1DD6390500D46295 /* CustomKolodaView.swift */,
				4CE74D321DD63C5200D46295 /* CustomTipView.swift */,
				4CE74D361DD63CFE00D46295 /* CustomTipView.xib */,
				4CE74D381DD63F3E00D46295 /* PhotoThumbnail.swift */,
				4CE74D3A1DD6407B00D46295 /* CameraCell.swift */,
				4CE74D401DD6426500D46295 /* Picker.storyboard */,
				4CE74D421DD642FD00D46295 /* Report.storyboard */,
				4CE74D461DD6457800D46295 /* Help.storyboard */,
				4C5E77501DE0B8900014E0D6 /* SplashView.xib */,
				4C5E77521DE0BC150014E0D6 /* SplashView.swift */,
				4CEA93A41DE213E100428DCC /* ProfileGridCell.xib */,
				4CEA93A61DE217A200428DCC /* ProfileGridCell.swift */,
				4CB5A3A41DE3773500D9EC2C /* SingleTipView.xib */,
				4CB5A3A81DE379EC00D9EC2C /* SingleTipView.swift */,
				4C855B031DF86F2D001D0E51 /* MapView.xib */,
				4C855B051DF86F5E001D0E51 /* MapView.swift */,
				4C1E1F651E411798004EF65C /* ReportUser.storyboard */,
				4C814D271E7DEBAB00655493 /* LineView.swift */,
				4C244F311E7F29F600AD2271 /* CircularLoaderView.swift */,
				4C5114E21EAA65EB0030174F /* PinMapView.xib */,
				4C5114E41EAA68670030174F /* PinMapView.swift */,
				4C36731E1EAE794E00ED9919 /* EditTip.storyboard */,
				4C38DA661EAFC56800CB7758 /* SelectionListCell.swift */,
			);
			name = View;
			sourceTree = "<group>";
		};
		4CD01C031DCF58F200C4AB55 /* Helper */ = {
			isa = PBXGroup;
			children = (
				4CBB67781DD10856003FF631 /* SettingsManager.swift */,
				4CBB677E1DD11BBC003FF631 /* StackObserver.swift */,
				4CD01C041DCF591100C4AB55 /* ValidationHelper.swift */,
				4CDCA8141DF0ABCB00F230A4 /* LocationService.swift */,
				4CB9CD951E33BBB90045CAC6 /* LoadingButton.swift */,
				4C1E1F691E412E67004EF65C /* ProfanityFilter.swift */,
				4C335BEE1E4620F500D3EA5E /* LoadingOverlay.swift */,
				4C0144591E5CED170016735F /* PhotoLibraryHelper.swift */,
				4CB954441E81AD2D000A7361 /* GeoTasks.swift */,
				4CDD60401E941A8600260B34 /* NoNetworkOverlay.swift */,
				4C183FC11E846CA10044E621 /* ProgressOverlay.swift */,
				4C09E83E1E9D9168005E75CB /* Reachability.swift */,
			);
			name = Helper;
			sourceTree = "<group>";
		};
/* End PBXGroup section */

/* Begin PBXNativeTarget section */
		4C7C77ED1DCDFF9A009CF299 /* Yaknak */ = {
			isa = PBXNativeTarget;
			buildConfigurationList = 4C7C78001DCDFF9A009CF299 /* Build configuration list for PBXNativeTarget "Yaknak" */;
			buildPhases = (
				6B3C62D03D43CF534C5E48D0 /* [CP] Check Pods Manifest.lock */,
				4C7C77EA1DCDFF9A009CF299 /* Sources */,
				4C7C77EB1DCDFF9A009CF299 /* Frameworks */,
				4C7C77EC1DCDFF9A009CF299 /* Resources */,
				B26CB1A7262B14D828011DC0 /* [CP] Embed Pods Frameworks */,
				5CC2A079721DE9D2C17FAE8D /* [CP] Copy Pods Resources */,
			);
			buildRules = (
			);
			dependencies = (
			);
			name = Yaknak;
			productName = Yaknak;
			productReference = 4C7C77EE1DCDFF9A009CF299 /* Yaknak.app */;
			productType = "com.apple.product-type.application";
		};
/* End PBXNativeTarget section */

/* Begin PBXProject section */
		4C7C77E61DCDFF9A009CF299 /* Project object */ = {
			isa = PBXProject;
			attributes = {
				LastSwiftUpdateCheck = 0800;
				LastUpgradeCheck = 0800;
				ORGANIZATIONNAME = "Locals Labs";
				TargetAttributes = {
					4C7C77ED1DCDFF9A009CF299 = {
						CreatedOnToolsVersion = 8.0;
						DevelopmentTeam = 7NF275GHT2;
						LastSwiftMigration = 0820;
						ProvisioningStyle = Automatic;
						SystemCapabilities = {
							com.apple.Keychain = {
								enabled = 1;
							};
							com.apple.Push = {
								enabled = 1;
							};
						};
					};
				};
			};
			buildConfigurationList = 4C7C77E91DCDFF9A009CF299 /* Build configuration list for PBXProject "Yaknak" */;
			compatibilityVersion = "Xcode 3.2";
			developmentRegion = English;
			hasScannedForEncodings = 0;
			knownRegions = (
				en,
				Base,
			);
			mainGroup = 4C7C77E51DCDFF9A009CF299;
			productRefGroup = 4C7C77EF1DCDFF9A009CF299 /* Products */;
			projectDirPath = "";
			projectRoot = "";
			targets = (
				4C7C77ED1DCDFF9A009CF299 /* Yaknak */,
			);
		};
/* End PBXProject section */

/* Begin PBXResourcesBuildPhase section */
		4C7C77EC1DCDFF9A009CF299 /* Resources */ = {
			isa = PBXResourcesBuildPhase;
			buildActionMask = 2147483647;
			files = (
				4C36731F1EAE794E00ED9919 /* EditTip.storyboard in Resources */,
				4C7C77FC1DCDFF9A009CF299 /* LaunchScreen.storyboard in Resources */,
				4CB5A3A51DE3773500D9EC2C /* SingleTipView.xib in Resources */,
				4C1E1F661E411798004EF65C /* ReportUser.storyboard in Resources */,
				4C7C78041DCE0770009CF299 /* GoogleService-Info.plist in Resources */,
				4C1E1F6D1E4130F6004EF65C /* Profanity.json in Resources */,
				4C7C77F91DCDFF9A009CF299 /* Assets.xcassets in Resources */,
				4C5114E31EAA65EB0030174F /* PinMapView.xib in Resources */,
				4C9284D71DD4ED64007DAEDE /* TableSectionHeader.xib in Resources */,
				4C855B041DF86F2D001D0E51 /* MapView.xib in Resources */,
				4CE74D371DD63CFE00D46295 /* CustomTipView.xib in Resources */,
				4CE74D431DD642FD00D46295 /* Report.storyboard in Resources */,
				4CBB67771DD0FE02003FF631 /* HomeTableViewCell.xib in Resources */,
				4C5E77511DE0B8900014E0D6 /* SplashView.xib in Resources */,
				4CE74D471DD6457800D46295 /* Help.storyboard in Resources */,
				4CE74D411DD6426500D46295 /* Picker.storyboard in Resources */,
				4C7C77F71DCDFF9A009CF299 /* Main.storyboard in Resources */,
				4CEA93A51DE213E100428DCC /* ProfileGridCell.xib in Resources */,
			);
			runOnlyForDeploymentPostprocessing = 0;
		};
/* End PBXResourcesBuildPhase section */

/* Begin PBXShellScriptBuildPhase section */
		5CC2A079721DE9D2C17FAE8D /* [CP] Copy Pods Resources */ = {
			isa = PBXShellScriptBuildPhase;
			buildActionMask = 2147483647;
			files = (
			);
			inputPaths = (
			);
			name = "[CP] Copy Pods Resources";
			outputPaths = (
			);
			runOnlyForDeploymentPostprocessing = 0;
			shellPath = /bin/sh;
			shellScript = "\"${SRCROOT}/Pods/Target Support Files/Pods-Yaknak/Pods-Yaknak-resources.sh\"\n";
			showEnvVarsInLog = 0;
		};
		6B3C62D03D43CF534C5E48D0 /* [CP] Check Pods Manifest.lock */ = {
			isa = PBXShellScriptBuildPhase;
			buildActionMask = 2147483647;
			files = (
			);
			inputPaths = (
			);
			name = "[CP] Check Pods Manifest.lock";
			outputPaths = (
			);
			runOnlyForDeploymentPostprocessing = 0;
			shellPath = /bin/sh;
			shellScript = "diff \"${PODS_ROOT}/../Podfile.lock\" \"${PODS_ROOT}/Manifest.lock\" > /dev/null\nif [ $? != 0 ] ; then\n    # print error to STDERR\n    echo \"error: The sandbox is not in sync with the Podfile.lock. Run 'pod install' or update your CocoaPods installation.\" >&2\n    exit 1\nfi\n";
			showEnvVarsInLog = 0;
		};
		B26CB1A7262B14D828011DC0 /* [CP] Embed Pods Frameworks */ = {
			isa = PBXShellScriptBuildPhase;
			buildActionMask = 2147483647;
			files = (
			);
			inputPaths = (
			);
			name = "[CP] Embed Pods Frameworks";
			outputPaths = (
			);
			runOnlyForDeploymentPostprocessing = 0;
			shellPath = /bin/sh;
			shellScript = "\"${SRCROOT}/Pods/Target Support Files/Pods-Yaknak/Pods-Yaknak-frameworks.sh\"\n";
			showEnvVarsInLog = 0;
		};
/* End PBXShellScriptBuildPhase section */

/* Begin PBXSourcesBuildPhase section */
		4C7C77EA1DCDFF9A009CF299 /* Sources */ = {
			isa = PBXSourcesBuildPhase;
			buildActionMask = 2147483647;
			files = (
				4CBB677F1DD11BBC003FF631 /* StackObserver.swift in Sources */,
				4C88AD1E1E0DB2B600EB5C10 /* Dashboard.swift in Sources */,
				4C7C77F41DCDFF9A009CF299 /* LoginViewController.swift in Sources */,
				4CB5A3A31DE3772100D9EC2C /* SingleTipViewController.swift in Sources */,
				4C9284D51DD4EAB8007DAEDE /* SettingsViewController.swift in Sources */,
				4C814D281E7DEBAB00655493 /* LineView.swift in Sources */,
				4C244F321E7F29F600AD2271 /* CircularLoaderView.swift in Sources */,
				4C9284D91DD4EDFC007DAEDE /* TableSectionHeader.swift in Sources */,
				4C47119B1DCE8B3D00DCE46E /* SignUpViewController.swift in Sources */,
				4C6FFC251DCEB50300714E8F /* CGExtension.swift in Sources */,
				4CE74D331DD63C5200D46295 /* CustomTipView.swift in Sources */,
				4C59DF571DD547970089AD66 /* AddTipViewController.swift in Sources */,
				4C1E1F681E411F81004EF65C /* ReportUserViewController.swift in Sources */,
				4C7C77F21DCDFF9A009CF299 /* AppDelegate.swift in Sources */,
				4C09E83F1E9D9168005E75CB /* Reachability.swift in Sources */,
				4CE74D451DD6455500D46295 /* HelpPopUpViewController.swift in Sources */,
				4CE74D3B1DD6407B00D46295 /* CameraCell.swift in Sources */,
				4CD01C001DCF4F6400C4AB55 /* UIAlertController.swift in Sources */,
				4CAF30561DF63C8A006F5101 /* String.swift in Sources */,
				4C36731A1EAE753E00ED9919 /* PlaceHolderTextView.swift in Sources */,
				4CCDED9F1DEAFCA50051C1B9 /* UIStoryboard.swift in Sources */,
				4CB9CD961E33BBB90045CAC6 /* LoadingButton.swift in Sources */,
				4CDCA8151DF0ABCB00F230A4 /* LocationService.swift in Sources */,
				4CCDEDA21DEB10AD0051C1B9 /* UIViewController.swift in Sources */,
				4CBB677B1DD11732003FF631 /* Category.swift in Sources */,
				4C01445A1E5CED170016735F /* PhotoLibraryHelper.swift in Sources */,
				4C1E1F6A1E412E67004EF65C /* ProfanityFilter.swift in Sources */,
				4C59DF511DD5411F0089AD66 /* TermsViewController.swift in Sources */,
				4C59DF531DD543AD0089AD66 /* ProfileViewController.swift in Sources */,
				4CDF32441E070A3C0079C8BE /* NSObject.swift in Sources */,
				4CD01C0B1DCFB1DE00C4AB55 /* UIColor.swift in Sources */,
				4C7945851EB53262007ACFAB /* TipEdit.swift in Sources */,
				4C6FFC221DCEB36200714E8F /* SplashViewController.swift in Sources */,
				4C36731D1EAE790D00ED9919 /* EditTipViewController.swift in Sources */,
				4CEA93A71DE217A200428DCC /* ProfileGridCell.swift in Sources */,
				4C5E77531DE0BC150014E0D6 /* SplashView.swift in Sources */,
				4CE6C79E1E56533200B1BEBA /* UIButton.swift in Sources */,
				4CD01C021DCF553800C4AB55 /* SegueFromLeft.swift in Sources */,
				4C183FC41E84792B0044E621 /* Double.swift in Sources */,
				4C50A10C1E7C8A0500A3326D /* FBLoginViewController.swift in Sources */,
				4CD01C051DCF591100C4AB55 /* ValidationHelper.swift in Sources */,
				4CA131351DDBE97800E9A79E /* MapViewController.swift in Sources */,
				4C5114E71EAA6A5C0030174F /* PinMapViewController.swift in Sources */,
				4CB954471E81CAB6000A7361 /* TravelMode.swift in Sources */,
				4CBB67791DD10856003FF631 /* SettingsManager.swift in Sources */,
				4CB5A3A71DE378BB00D9EC2C /* UIView.swift in Sources */,
				4CFFC7251E7EC31F009C351A /* NSMutableAttributedString.swift in Sources */,
				4C6B0DF21DE76DE800B8CCAC /* TextField.swift in Sources */,
				4CD01C0D1DCFC09000C4AB55 /* HomeTableViewController.swift in Sources */,
				4CA854441DCE0B2F009E8497 /* Constants.swift in Sources */,
				4CA8544D1DCE4F1B009E8497 /* Tip.swift in Sources */,
				4C38DA671EAFC56800CB7758 /* SelectionListCell.swift in Sources */,
				4C1E1F6F1E4138C4004EF65C /* AgreementViewController.swift in Sources */,
				4CB5A3A91DE379EC00D9EC2C /* SingleTipView.swift in Sources */,
				4CD4006F1E68C9F200849486 /* PhotoLibraryCacheController.swift in Sources */,
				4CE74D311DD639B400D46295 /* AutoCompleteTextField.swift in Sources */,
				4CB954451E81AD2D000A7361 /* GeoTasks.swift in Sources */,
				4C855B061DF86F5E001D0E51 /* MapView.swift in Sources */,
				4CA8544B1DCE4DE6009E8497 /* User.swift in Sources */,
				4CF8C2B21DDA6C02003B27AB /* UIImageView.swift in Sources */,
				4CD01C071DCFAF7300C4AB55 /* TabBarController.swift in Sources */,
				4C59DF4F1DD53CAC0089AD66 /* PolicyViewController.swift in Sources */,
				4CBB67761DD0FE02003FF631 /* HomeTableViewCell.swift in Sources */,
				4C9D48DF1DF101C400155A9A /* BackgroundKolodaAnimator.swift in Sources */,
				4CE74D2F1DD6390500D46295 /* CustomKolodaView.swift in Sources */,
				4CB41C7A1E870AED00EC0377 /* NSLayoutConstraint.swift in Sources */,
				4CE74D3D1DD6414500D46295 /* ImagePickerPreviewViewController.swift in Sources */,
				4C59DF551DD546E10089AD66 /* SwipeTipViewController.swift in Sources */,
				4CE74D491DD64F5900D46295 /* ReportViewController.swift in Sources */,
				4C5114E51EAA68670030174F /* PinMapView.swift in Sources */,
				4CE74D391DD63F3E00D46295 /* PhotoThumbnail.swift in Sources */,
				4C183FC21E846CA10044E621 /* ProgressOverlay.swift in Sources */,
				4CB191941DDB956C00524CC6 /* UIImage.swift in Sources */,
				4CDD60411E941A8600260B34 /* NoNetworkOverlay.swift in Sources */,
				4C335BEF1E4620F500D3EA5E /* LoadingOverlay.swift in Sources */,
				4CA854461DCE0FF3009E8497 /* DataService.swift in Sources */,
				4CEA93A31DE20ACC00428DCC /* CALayer.swift in Sources */,
				4C9284DB1DD51219007DAEDE /* LicensesViewController.swift in Sources */,
			);
			runOnlyForDeploymentPostprocessing = 0;
		};
/* End PBXSourcesBuildPhase section */

/* Begin PBXVariantGroup section */
		4C7C77F51DCDFF9A009CF299 /* Main.storyboard */ = {
			isa = PBXVariantGroup;
			children = (
				4C7C77F61DCDFF9A009CF299 /* Base */,
			);
			name = Main.storyboard;
			sourceTree = "<group>";
		};
		4C7C77FA1DCDFF9A009CF299 /* LaunchScreen.storyboard */ = {
			isa = PBXVariantGroup;
			children = (
				4C7C77FB1DCDFF9A009CF299 /* Base */,
			);
			name = LaunchScreen.storyboard;
			sourceTree = "<group>";
		};
/* End PBXVariantGroup section */

/* Begin XCBuildConfiguration section */
		4C7C77FE1DCDFF9A009CF299 /* Debug */ = {
			isa = XCBuildConfiguration;
			buildSettings = {
				ALWAYS_SEARCH_USER_PATHS = NO;
				CLANG_ANALYZER_NONNULL = YES;
				CLANG_CXX_LANGUAGE_STANDARD = "gnu++0x";
				CLANG_CXX_LIBRARY = "libc++";
				CLANG_ENABLE_MODULES = YES;
				CLANG_ENABLE_OBJC_ARC = YES;
				CLANG_WARN_BOOL_CONVERSION = YES;
				CLANG_WARN_CONSTANT_CONVERSION = YES;
				CLANG_WARN_DIRECT_OBJC_ISA_USAGE = YES_ERROR;
				CLANG_WARN_DOCUMENTATION_COMMENTS = YES;
				CLANG_WARN_EMPTY_BODY = YES;
				CLANG_WARN_ENUM_CONVERSION = YES;
				CLANG_WARN_INFINITE_RECURSION = YES;
				CLANG_WARN_INT_CONVERSION = YES;
				CLANG_WARN_OBJC_ROOT_CLASS = YES_ERROR;
				CLANG_WARN_SUSPICIOUS_MOVE = YES;
				CLANG_WARN_SUSPICIOUS_MOVES = YES;
				CLANG_WARN_UNREACHABLE_CODE = YES;
				CLANG_WARN__DUPLICATE_METHOD_MATCH = YES;
				"CODE_SIGN_IDENTITY[sdk=iphoneos*]" = "iPhone Developer";
				COPY_PHASE_STRIP = NO;
				DEBUG_INFORMATION_FORMAT = dwarf;
				ENABLE_STRICT_OBJC_MSGSEND = YES;
				ENABLE_TESTABILITY = YES;
				GCC_C_LANGUAGE_STANDARD = gnu99;
				GCC_DYNAMIC_NO_PIC = NO;
				GCC_NO_COMMON_BLOCKS = YES;
				GCC_OPTIMIZATION_LEVEL = 0;
				GCC_PREPROCESSOR_DEFINITIONS = (
					"DEBUG=1",
					"$(inherited)",
				);
				GCC_WARN_64_TO_32_BIT_CONVERSION = YES;
				GCC_WARN_ABOUT_RETURN_TYPE = YES_ERROR;
				GCC_WARN_UNDECLARED_SELECTOR = YES;
				GCC_WARN_UNINITIALIZED_AUTOS = YES_AGGRESSIVE;
				GCC_WARN_UNUSED_FUNCTION = YES;
				GCC_WARN_UNUSED_VARIABLE = YES;
				IPHONEOS_DEPLOYMENT_TARGET = 10.0;
				MTL_ENABLE_DEBUG_INFO = YES;
				ONLY_ACTIVE_ARCH = YES;
				SDKROOT = iphoneos;
				SWIFT_ACTIVE_COMPILATION_CONDITIONS = DEBUG;
				SWIFT_OPTIMIZATION_LEVEL = "-Onone";
			};
			name = Debug;
		};
		4C7C77FF1DCDFF9A009CF299 /* Release */ = {
			isa = XCBuildConfiguration;
			buildSettings = {
				ALWAYS_SEARCH_USER_PATHS = NO;
				CLANG_ANALYZER_NONNULL = YES;
				CLANG_CXX_LANGUAGE_STANDARD = "gnu++0x";
				CLANG_CXX_LIBRARY = "libc++";
				CLANG_ENABLE_MODULES = YES;
				CLANG_ENABLE_OBJC_ARC = YES;
				CLANG_WARN_BOOL_CONVERSION = YES;
				CLANG_WARN_CONSTANT_CONVERSION = YES;
				CLANG_WARN_DIRECT_OBJC_ISA_USAGE = YES_ERROR;
				CLANG_WARN_DOCUMENTATION_COMMENTS = YES;
				CLANG_WARN_EMPTY_BODY = YES;
				CLANG_WARN_ENUM_CONVERSION = YES;
				CLANG_WARN_INFINITE_RECURSION = YES;
				CLANG_WARN_INT_CONVERSION = YES;
				CLANG_WARN_OBJC_ROOT_CLASS = YES_ERROR;
				CLANG_WARN_SUSPICIOUS_MOVE = YES;
				CLANG_WARN_SUSPICIOUS_MOVES = YES;
				CLANG_WARN_UNREACHABLE_CODE = YES;
				CLANG_WARN__DUPLICATE_METHOD_MATCH = YES;
				"CODE_SIGN_IDENTITY[sdk=iphoneos*]" = "iPhone Developer";
				COPY_PHASE_STRIP = NO;
				DEBUG_INFORMATION_FORMAT = "dwarf-with-dsym";
				ENABLE_NS_ASSERTIONS = NO;
				ENABLE_STRICT_OBJC_MSGSEND = YES;
				GCC_C_LANGUAGE_STANDARD = gnu99;
				GCC_NO_COMMON_BLOCKS = YES;
				GCC_WARN_64_TO_32_BIT_CONVERSION = YES;
				GCC_WARN_ABOUT_RETURN_TYPE = YES_ERROR;
				GCC_WARN_UNDECLARED_SELECTOR = YES;
				GCC_WARN_UNINITIALIZED_AUTOS = YES_AGGRESSIVE;
				GCC_WARN_UNUSED_FUNCTION = YES;
				GCC_WARN_UNUSED_VARIABLE = YES;
				IPHONEOS_DEPLOYMENT_TARGET = 10.0;
				MTL_ENABLE_DEBUG_INFO = NO;
				SDKROOT = iphoneos;
				SWIFT_OPTIMIZATION_LEVEL = "-Owholemodule";
				VALIDATE_PRODUCT = YES;
			};
			name = Release;
		};
		4C7C78011DCDFF9A009CF299 /* Debug */ = {
			isa = XCBuildConfiguration;
			baseConfigurationReference = AEB832083867859D7AA1D39C /* Pods-Yaknak.debug.xcconfig */;
			buildSettings = {
				ALWAYS_EMBED_SWIFT_STANDARD_LIBRARIES = YES;
				ASSETCATALOG_COMPILER_APPICON_NAME = AppIcon;
				CLANG_ENABLE_MODULES = YES;
				CODE_SIGN_ENTITLEMENTS = Yaknak/Yaknak.entitlements;
				"CODE_SIGN_IDENTITY[sdk=iphoneos*]" = "iPhone Developer";
				DEVELOPMENT_TEAM = 7NF275GHT2;
				INFOPLIST_FILE = Yaknak/Info.plist;
				IPHONEOS_DEPLOYMENT_TARGET = 9.0;
				LD_RUNPATH_SEARCH_PATHS = "$(inherited) @executable_path/Frameworks";
				OTHER_LDFLAGS = (
					"$(inherited)",
					"-ObjC",
					"-l\"c++\"",
					"-l\"icucore\"",
					"-l\"sqlite3\"",
					"-l\"z\"",
					"-framework",
					"\"AddressBook\"",
					"-framework",
					"\"Bolts\"",
					"-framework",
					"\"CFNetwork\"",
					"-framework",
					"\"FBSDKCoreKit\"",
					"-framework",
					"\"FBSDKLoginKit\"",
					"-framework",
					"\"FBSDKShareKit\"",
					"-framework",
					"\"FirebaseAnalytics\"",
					"-framework",
					"\"FirebaseAuth\"",
					"-framework",
					"\"FirebaseCore\"",
					"-framework",
					"\"FirebaseDatabase\"",
					"-framework",
					"\"FirebaseInstanceID\"",
					"-framework",
					"\"FirebaseStorage\"",
					"-framework",
					"\"GTMSessionFetcher\"",
					"-framework",
					"\"GeoFire\"",
					"-framework",
					"\"GoogleInterchangeUtilities\"",
					"-framework",
					"\"GoogleSymbolUtilities\"",
					"-framework",
					"\"GoogleToolboxForMac\"",
					"-framework",
					"\"HTHorizontalSelectionList\"",
					"-framework",
					"\"Koloda\"",
					"-framework",
					"\"M13BadgeView\"",
					"-framework",
					"\"MBProgressHUD\"",
					"-framework",
					"\"MobileCoreServices\"",
					"-framework",
					"\"NVActivityIndicatorView\"",
					"-framework",
					"\"Security\"",
					"-framework",
					"\"StoreKit\"",
					"-framework",
					"\"SystemConfiguration\"",
					"-framework",
					"\"pop\"",
					"-framework",
					"\"GoogleMapsCore\"",
					"-framework",
					"\"GoogleMapsBase\"",
					"-framework",
					"\"GoogleMaps\"",
				);
				PRODUCT_BUNDLE_IDENTIFIER = com.localsLabs.Yaknak;
				PRODUCT_NAME = "$(TARGET_NAME)";
				PROVISIONING_PROFILE = "";
				PROVISIONING_PROFILE_SPECIFIER = "";
				SWIFT_OBJC_BRIDGING_HEADER = "Yaknak-Bridging-Header.h";
				SWIFT_OPTIMIZATION_LEVEL = "-Onone";
				SWIFT_VERSION = 3.0;
				TARGETED_DEVICE_FAMILY = 1;
			};
			name = Debug;
		};
		4C7C78021DCDFF9A009CF299 /* Release */ = {
			isa = XCBuildConfiguration;
			baseConfigurationReference = A074B8E24F6503ECDD2EFB28 /* Pods-Yaknak.release.xcconfig */;
			buildSettings = {
				ALWAYS_EMBED_SWIFT_STANDARD_LIBRARIES = YES;
				ASSETCATALOG_COMPILER_APPICON_NAME = AppIcon;
				CLANG_ENABLE_MODULES = YES;
				CODE_SIGN_ENTITLEMENTS = Yaknak/Yaknak.entitlements;
				"CODE_SIGN_IDENTITY[sdk=iphoneos*]" = "iPhone Developer";
				DEVELOPMENT_TEAM = 7NF275GHT2;
				INFOPLIST_FILE = Yaknak/Info.plist;
				IPHONEOS_DEPLOYMENT_TARGET = 9.0;
				LD_RUNPATH_SEARCH_PATHS = "$(inherited) @executable_path/Frameworks";
				OTHER_LDFLAGS = (
					"$(inherited)",
					"-ObjC",
					"-l\"c++\"",
					"-l\"icucore\"",
					"-l\"sqlite3\"",
					"-l\"z\"",
					"-framework",
					"\"AddressBook\"",
					"-framework",
					"\"Bolts\"",
					"-framework",
					"\"CFNetwork\"",
					"-framework",
					"\"FBSDKCoreKit\"",
					"-framework",
					"\"FBSDKLoginKit\"",
					"-framework",
					"\"FBSDKShareKit\"",
					"-framework",
					"\"FirebaseAnalytics\"",
					"-framework",
					"\"FirebaseAuth\"",
					"-framework",
					"\"FirebaseCore\"",
					"-framework",
					"\"FirebaseDatabase\"",
					"-framework",
					"\"FirebaseInstanceID\"",
					"-framework",
					"\"FirebaseStorage\"",
					"-framework",
					"\"GTMSessionFetcher\"",
					"-framework",
					"\"GeoFire\"",
					"-framework",
					"\"GoogleInterchangeUtilities\"",
					"-framework",
					"\"GoogleSymbolUtilities\"",
					"-framework",
					"\"GoogleToolboxForMac\"",
					"-framework",
					"\"HTHorizontalSelectionList\"",
					"-framework",
					"\"Koloda\"",
					"-framework",
					"\"M13BadgeView\"",
					"-framework",
					"\"MBProgressHUD\"",
					"-framework",
					"\"MobileCoreServices\"",
					"-framework",
					"\"NVActivityIndicatorView\"",
					"-framework",
					"\"Security\"",
					"-framework",
					"\"StoreKit\"",
					"-framework",
					"\"SystemConfiguration\"",
					"-framework",
					"\"pop\"",
					"-framework",
					"\"GoogleMapsCore\"",
					"-framework",
					"\"GoogleMapsBase\"",
					"-framework",
					"\"GoogleMaps\"",
				);
				PRODUCT_BUNDLE_IDENTIFIER = com.localsLabs.Yaknak;
				PRODUCT_NAME = "$(TARGET_NAME)";
				PROVISIONING_PROFILE = "";
				PROVISIONING_PROFILE_SPECIFIER = "";
				SWIFT_OBJC_BRIDGING_HEADER = "Yaknak-Bridging-Header.h";
				SWIFT_VERSION = 3.0;
				TARGETED_DEVICE_FAMILY = 1;
			};
			name = Release;
		};
/* End XCBuildConfiguration section */

/* Begin XCConfigurationList section */
		4C7C77E91DCDFF9A009CF299 /* Build configuration list for PBXProject "Yaknak" */ = {
			isa = XCConfigurationList;
			buildConfigurations = (
				4C7C77FE1DCDFF9A009CF299 /* Debug */,
				4C7C77FF1DCDFF9A009CF299 /* Release */,
			);
			defaultConfigurationIsVisible = 0;
			defaultConfigurationName = Release;
		};
		4C7C78001DCDFF9A009CF299 /* Build configuration list for PBXNativeTarget "Yaknak" */ = {
			isa = XCConfigurationList;
			buildConfigurations = (
				4C7C78011DCDFF9A009CF299 /* Debug */,
				4C7C78021DCDFF9A009CF299 /* Release */,
			);
			defaultConfigurationIsVisible = 0;
			defaultConfigurationName = Release;
		};
/* End XCConfigurationList section */
	};
	rootObject = 4C7C77E61DCDFF9A009CF299 /* Project object */;
}
